// !$*UTF8*$!
{
	archiveVersion = 1;
	classes = {
	};
	objectVersion = 55;
	objects = {

/* Begin PBXBuildFile section */
		003D6C37285043D3004F80C9 /* ImageDataCacheManager.swift in Sources */ = {isa = PBXBuildFile; fileRef = 003D6C36285043D3004F80C9 /* ImageDataCacheManager.swift */; };
		0040918B283F4A000055B0D0 /* LocationSearchViewController.swift in Sources */ = {isa = PBXBuildFile; fileRef = 0040918A283F4A000055B0D0 /* LocationSearchViewController.swift */; };
		0040918F283F62720055B0D0 /* LocationCalenderViewController.swift in Sources */ = {isa = PBXBuildFile; fileRef = 0040918E283F62720055B0D0 /* LocationCalenderViewController.swift */; };
		00489B61283CA53F00201F55 /* AppDelegate.swift in Sources */ = {isa = PBXBuildFile; fileRef = 00489B60283CA53F00201F55 /* AppDelegate.swift */; };
		00489B63283CA53F00201F55 /* SceneDelegate.swift in Sources */ = {isa = PBXBuildFile; fileRef = 00489B62283CA53F00201F55 /* SceneDelegate.swift */; };
		00489B65283CA53F00201F55 /* MainTabBarController.swift in Sources */ = {isa = PBXBuildFile; fileRef = 00489B64283CA53F00201F55 /* MainTabBarController.swift */; };
		00489B68283CA53F00201F55 /* Main.storyboard in Resources */ = {isa = PBXBuildFile; fileRef = 00489B66283CA53F00201F55 /* Main.storyboard */; };
		00489B6A283CA54000201F55 /* Assets.xcassets in Resources */ = {isa = PBXBuildFile; fileRef = 00489B69283CA54000201F55 /* Assets.xcassets */; };
		00489B6D283CA54000201F55 /* LaunchScreen.storyboard in Resources */ = {isa = PBXBuildFile; fileRef = 00489B6B283CA54000201F55 /* LaunchScreen.storyboard */; };
		00489B76283CA5CC00201F55 /* RxCocoa in Frameworks */ = {isa = PBXBuildFile; productRef = 00489B75283CA5CC00201F55 /* RxCocoa */; };
		00489B78283CA5CC00201F55 /* RxSwift in Frameworks */ = {isa = PBXBuildFile; productRef = 00489B77283CA5CC00201F55 /* RxSwift */; };
		00489B7B283CA61800201F55 /* Alamofire in Frameworks */ = {isa = PBXBuildFile; productRef = 00489B7A283CA61800201F55 /* Alamofire */; };
		00489B84283CC26E00201F55 /* SearchViewController.swift in Sources */ = {isa = PBXBuildFile; fileRef = 00489B83283CC26E00201F55 /* SearchViewController.swift */; };
		004C482B284707EB002728FF /* NetworkManager.swift in Sources */ = {isa = PBXBuildFile; fileRef = 004C482A284707EB002728FF /* NetworkManager.swift */; };
		004C482D2847084B002728FF /* HTTPManager.swift in Sources */ = {isa = PBXBuildFile; fileRef = 004C482C2847084B002728FF /* HTTPManager.swift */; };
		004C482F28470861002728FF /* HTTPMethod.swift in Sources */ = {isa = PBXBuildFile; fileRef = 004C482E28470861002728FF /* HTTPMethod.swift */; };
		004C48312847089C002728FF /* JSONConverter.swift in Sources */ = {isa = PBXBuildFile; fileRef = 004C48302847089C002728FF /* JSONConverter.swift */; };
		004C4833284708B5002728FF /* ImageCacheManager.swift in Sources */ = {isa = PBXBuildFile; fileRef = 004C4832284708B5002728FF /* ImageCacheManager.swift */; };
		004C48352847090E002728FF /* ImageItem.swift in Sources */ = {isa = PBXBuildFile; fileRef = 004C48342847090E002728FF /* ImageItem.swift */; };
		004C483A28470E6F002728FF /* SearchViewModel.swift in Sources */ = {isa = PBXBuildFile; fileRef = 004C483928470E6F002728FF /* SearchViewModel.swift */; };
		004C483C2847119E002728FF /* SearchView.swift in Sources */ = {isa = PBXBuildFile; fileRef = 004C483B2847119E002728FF /* SearchView.swift */; };
		004DACF52846331C00FB1D34 /* HeroImage.swift in Sources */ = {isa = PBXBuildFile; fileRef = 004DACF42846331C00FB1D34 /* HeroImage.swift */; };
		004DACF72846356B00FB1D34 /* PopularLocation.swift in Sources */ = {isa = PBXBuildFile; fileRef = 004DACF62846356B00FB1D34 /* PopularLocation.swift */; };
		004DACF92846383300FB1D34 /* SearchRegion.swift in Sources */ = {isa = PBXBuildFile; fileRef = 004DACF82846383300FB1D34 /* SearchRegion.swift */; };
		004DACFB2846390000FB1D34 /* AccommodationPrices.swift in Sources */ = {isa = PBXBuildFile; fileRef = 004DACFA2846390000FB1D34 /* AccommodationPrices.swift */; };
		004DACFD28463ABB00FB1D34 /* FilteredAccommodationPrices.swift in Sources */ = {isa = PBXBuildFile; fileRef = 004DACFC28463ABB00FB1D34 /* FilteredAccommodationPrices.swift */; };
		004DACFF28463B5700FB1D34 /* AccommodationDetail.swift in Sources */ = {isa = PBXBuildFile; fileRef = 004DACFE28463B5700FB1D34 /* AccommodationDetail.swift */; };
		004DAD0128463C4000FB1D34 /* AccommodationPriceDetail.swift in Sources */ = {isa = PBXBuildFile; fileRef = 004DAD0028463C3F00FB1D34 /* AccommodationPriceDetail.swift */; };
		004DAD0328463D9C00FB1D34 /* ReservationRequest.swift in Sources */ = {isa = PBXBuildFile; fileRef = 004DAD0228463D9C00FB1D34 /* ReservationRequest.swift */; };
		004DAD0528463E0B00FB1D34 /* ReservationList.swift in Sources */ = {isa = PBXBuildFile; fileRef = 004DAD0428463E0B00FB1D34 /* ReservationList.swift */; };
		004DAD0728463E9000FB1D34 /* ReservationDetail.swift in Sources */ = {isa = PBXBuildFile; fileRef = 004DAD0628463E9000FB1D34 /* ReservationDetail.swift */; };
		004DAD0928463F0B00FB1D34 /* WishList.swift in Sources */ = {isa = PBXBuildFile; fileRef = 004DAD0828463F0B00FB1D34 /* WishList.swift */; };
		004DAD0B28463FD300FB1D34 /* WishRequest.swift in Sources */ = {isa = PBXBuildFile; fileRef = 004DAD0A28463FD300FB1D34 /* WishRequest.swift */; };
		00515993284456A200C4C0EC /* CalendarViewCell.swift in Sources */ = {isa = PBXBuildFile; fileRef = 00515992284456A200C4C0EC /* CalendarViewCell.swift */; };
		0051599728445FBE00C4C0EC /* CalendarViewController.swift in Sources */ = {isa = PBXBuildFile; fileRef = 0051599628445FBE00C4C0EC /* CalendarViewController.swift */; };
		0061237E2847446F002E17C7 /* UIImageExtension.swift in Sources */ = {isa = PBXBuildFile; fileRef = 0061237D2847446F002E17C7 /* UIImageExtension.swift */; };
		008FD74E283DD94E002441E5 /* WishViewController.swift in Sources */ = {isa = PBXBuildFile; fileRef = 008FD74D283DD94E002441E5 /* WishViewController.swift */; };
		008FD750283DD96F002441E5 /* UserViewController.swift in Sources */ = {isa = PBXBuildFile; fileRef = 008FD74F283DD96F002441E5 /* UserViewController.swift */; };
		00CFA5C7284F2A1300C91C37 /* ViewModelType.swift in Sources */ = {isa = PBXBuildFile; fileRef = 00CFA5C6284F2A1300C91C37 /* ViewModelType.swift */; };
		00CFA5C9284F43CE00C91C37 /* PopularLocationViewModel.swift in Sources */ = {isa = PBXBuildFile; fileRef = 00CFA5C8284F43CE00C91C37 /* PopularLocationViewModel.swift */; };
		6F35135E283DF3F800018A57 /* LocationTableViewCell.swift in Sources */ = {isa = PBXBuildFile; fileRef = 6F35135D283DF3F800018A57 /* LocationTableViewCell.swift */; };
		6F3513682844E60C00018A57 /* PopularLocationView.swift in Sources */ = {isa = PBXBuildFile; fileRef = 6F3513672844E60C00018A57 /* PopularLocationView.swift */; };
		6F35136A2845A94600018A57 /* SearchTableView.swift in Sources */ = {isa = PBXBuildFile; fileRef = 6F3513692845A94600018A57 /* SearchTableView.swift */; };
		6F35136C2845AABC00018A57 /* SearchTableViewCell.swift in Sources */ = {isa = PBXBuildFile; fileRef = 6F35136B2845AABC00018A57 /* SearchTableViewCell.swift */; };
		6F35136E2845B2D700018A57 /* SearchTableFooterView.swift in Sources */ = {isa = PBXBuildFile; fileRef = 6F35136D2845B2D700018A57 /* SearchTableFooterView.swift */; };
		6FD6D9F92846DDE0004A5D94 /* NetworkResult.swift in Sources */ = {isa = PBXBuildFile; fileRef = 6FD6D9F82846DDE0004A5D94 /* NetworkResult.swift */; };
		6FD6D9FB2846DEF7004A5D94 /* RemoteRepository.swift in Sources */ = {isa = PBXBuildFile; fileRef = 6FD6D9FA2846DEF7004A5D94 /* RemoteRepository.swift */; };
/* End PBXBuildFile section */

/* Begin PBXFileReference section */
		003D6C36285043D3004F80C9 /* ImageDataCacheManager.swift */ = {isa = PBXFileReference; lastKnownFileType = sourcecode.swift; path = ImageDataCacheManager.swift; sourceTree = "<group>"; };
		0040918A283F4A000055B0D0 /* LocationSearchViewController.swift */ = {isa = PBXFileReference; lastKnownFileType = sourcecode.swift; path = LocationSearchViewController.swift; sourceTree = "<group>"; };
		0040918E283F62720055B0D0 /* LocationCalenderViewController.swift */ = {isa = PBXFileReference; lastKnownFileType = sourcecode.swift; path = LocationCalenderViewController.swift; sourceTree = "<group>"; };
		00489B5D283CA53F00201F55 /* airbnb.app */ = {isa = PBXFileReference; explicitFileType = wrapper.application; includeInIndex = 0; path = airbnb.app; sourceTree = BUILT_PRODUCTS_DIR; };
		00489B60283CA53F00201F55 /* AppDelegate.swift */ = {isa = PBXFileReference; lastKnownFileType = sourcecode.swift; path = AppDelegate.swift; sourceTree = "<group>"; };
		00489B62283CA53F00201F55 /* SceneDelegate.swift */ = {isa = PBXFileReference; lastKnownFileType = sourcecode.swift; path = SceneDelegate.swift; sourceTree = "<group>"; };
		00489B64283CA53F00201F55 /* MainTabBarController.swift */ = {isa = PBXFileReference; lastKnownFileType = sourcecode.swift; path = MainTabBarController.swift; sourceTree = "<group>"; };
		00489B67283CA53F00201F55 /* Base */ = {isa = PBXFileReference; lastKnownFileType = file.storyboard; name = Base; path = Base.lproj/Main.storyboard; sourceTree = "<group>"; };
		00489B69283CA54000201F55 /* Assets.xcassets */ = {isa = PBXFileReference; lastKnownFileType = folder.assetcatalog; path = Assets.xcassets; sourceTree = "<group>"; };
		00489B6C283CA54000201F55 /* Base */ = {isa = PBXFileReference; lastKnownFileType = file.storyboard; name = Base; path = Base.lproj/LaunchScreen.storyboard; sourceTree = "<group>"; };
		00489B6E283CA54000201F55 /* Info.plist */ = {isa = PBXFileReference; lastKnownFileType = text.plist.xml; path = Info.plist; sourceTree = "<group>"; };
		00489B83283CC26E00201F55 /* SearchViewController.swift */ = {isa = PBXFileReference; lastKnownFileType = sourcecode.swift; path = SearchViewController.swift; sourceTree = "<group>"; };
		004C482A284707EB002728FF /* NetworkManager.swift */ = {isa = PBXFileReference; lastKnownFileType = sourcecode.swift; path = NetworkManager.swift; sourceTree = "<group>"; };
		004C482C2847084B002728FF /* HTTPManager.swift */ = {isa = PBXFileReference; lastKnownFileType = sourcecode.swift; path = HTTPManager.swift; sourceTree = "<group>"; };
		004C482E28470861002728FF /* HTTPMethod.swift */ = {isa = PBXFileReference; lastKnownFileType = sourcecode.swift; path = HTTPMethod.swift; sourceTree = "<group>"; };
		004C48302847089C002728FF /* JSONConverter.swift */ = {isa = PBXFileReference; lastKnownFileType = sourcecode.swift; path = JSONConverter.swift; sourceTree = "<group>"; };
		004C4832284708B5002728FF /* ImageCacheManager.swift */ = {isa = PBXFileReference; lastKnownFileType = sourcecode.swift; path = ImageCacheManager.swift; sourceTree = "<group>"; };
		004C48342847090E002728FF /* ImageItem.swift */ = {isa = PBXFileReference; lastKnownFileType = sourcecode.swift; path = ImageItem.swift; sourceTree = "<group>"; };
		004C483928470E6F002728FF /* SearchViewModel.swift */ = {isa = PBXFileReference; lastKnownFileType = sourcecode.swift; path = SearchViewModel.swift; sourceTree = "<group>"; };
		004C483B2847119E002728FF /* SearchView.swift */ = {isa = PBXFileReference; lastKnownFileType = sourcecode.swift; path = SearchView.swift; sourceTree = "<group>"; };
		004DACF42846331C00FB1D34 /* HeroImage.swift */ = {isa = PBXFileReference; lastKnownFileType = sourcecode.swift; path = HeroImage.swift; sourceTree = "<group>"; };
		004DACF62846356B00FB1D34 /* PopularLocation.swift */ = {isa = PBXFileReference; lastKnownFileType = sourcecode.swift; path = PopularLocation.swift; sourceTree = "<group>"; };
		004DACF82846383300FB1D34 /* SearchRegion.swift */ = {isa = PBXFileReference; lastKnownFileType = sourcecode.swift; path = SearchRegion.swift; sourceTree = "<group>"; };
		004DACFA2846390000FB1D34 /* AccommodationPrices.swift */ = {isa = PBXFileReference; lastKnownFileType = sourcecode.swift; path = AccommodationPrices.swift; sourceTree = "<group>"; };
		004DACFC28463ABB00FB1D34 /* FilteredAccommodationPrices.swift */ = {isa = PBXFileReference; lastKnownFileType = sourcecode.swift; path = FilteredAccommodationPrices.swift; sourceTree = "<group>"; };
		004DACFE28463B5700FB1D34 /* AccommodationDetail.swift */ = {isa = PBXFileReference; lastKnownFileType = sourcecode.swift; path = AccommodationDetail.swift; sourceTree = "<group>"; };
		004DAD0028463C3F00FB1D34 /* AccommodationPriceDetail.swift */ = {isa = PBXFileReference; lastKnownFileType = sourcecode.swift; path = AccommodationPriceDetail.swift; sourceTree = "<group>"; };
		004DAD0228463D9C00FB1D34 /* ReservationRequest.swift */ = {isa = PBXFileReference; lastKnownFileType = sourcecode.swift; path = ReservationRequest.swift; sourceTree = "<group>"; };
		004DAD0428463E0B00FB1D34 /* ReservationList.swift */ = {isa = PBXFileReference; lastKnownFileType = sourcecode.swift; path = ReservationList.swift; sourceTree = "<group>"; };
		004DAD0628463E9000FB1D34 /* ReservationDetail.swift */ = {isa = PBXFileReference; lastKnownFileType = sourcecode.swift; path = ReservationDetail.swift; sourceTree = "<group>"; };
		004DAD0828463F0B00FB1D34 /* WishList.swift */ = {isa = PBXFileReference; lastKnownFileType = sourcecode.swift; path = WishList.swift; sourceTree = "<group>"; };
		004DAD0A28463FD300FB1D34 /* WishRequest.swift */ = {isa = PBXFileReference; lastKnownFileType = sourcecode.swift; path = WishRequest.swift; sourceTree = "<group>"; };
		00515992284456A200C4C0EC /* CalendarViewCell.swift */ = {isa = PBXFileReference; lastKnownFileType = sourcecode.swift; path = CalendarViewCell.swift; sourceTree = "<group>"; };
		00515994284456FF00C4C0EC /* SearchTableView.swift */ = {isa = PBXFileReference; lastKnownFileType = sourcecode.swift; path = SearchTableView.swift; sourceTree = "<group>"; };
		0051599628445FBE00C4C0EC /* CalendarViewController.swift */ = {isa = PBXFileReference; lastKnownFileType = sourcecode.swift; path = CalendarViewController.swift; sourceTree = "<group>"; };
		0061237D2847446F002E17C7 /* UIImageExtension.swift */ = {isa = PBXFileReference; lastKnownFileType = sourcecode.swift; path = UIImageExtension.swift; sourceTree = "<group>"; };
		008FD74D283DD94E002441E5 /* WishViewController.swift */ = {isa = PBXFileReference; lastKnownFileType = sourcecode.swift; path = WishViewController.swift; sourceTree = "<group>"; };
		008FD74F283DD96F002441E5 /* UserViewController.swift */ = {isa = PBXFileReference; lastKnownFileType = sourcecode.swift; path = UserViewController.swift; sourceTree = "<group>"; };
		00CFA5C6284F2A1300C91C37 /* ViewModelType.swift */ = {isa = PBXFileReference; lastKnownFileType = sourcecode.swift; path = ViewModelType.swift; sourceTree = "<group>"; };
		00CFA5C8284F43CE00C91C37 /* PopularLocationViewModel.swift */ = {isa = PBXFileReference; lastKnownFileType = sourcecode.swift; path = PopularLocationViewModel.swift; sourceTree = "<group>"; };
		6F35135D283DF3F800018A57 /* LocationTableViewCell.swift */ = {isa = PBXFileReference; lastKnownFileType = sourcecode.swift; name = LocationTableViewCell.swift; path = airbnb/View/LocationTableViewCell.swift; sourceTree = SOURCE_ROOT; };
		6F3513672844E60C00018A57 /* PopularLocationView.swift */ = {isa = PBXFileReference; lastKnownFileType = sourcecode.swift; path = PopularLocationView.swift; sourceTree = "<group>"; };
		6F3513692845A94600018A57 /* SearchTableView.swift */ = {isa = PBXFileReference; lastKnownFileType = sourcecode.swift; path = SearchTableView.swift; sourceTree = "<group>"; };
		6F35136B2845AABC00018A57 /* SearchTableViewCell.swift */ = {isa = PBXFileReference; lastKnownFileType = sourcecode.swift; path = SearchTableViewCell.swift; sourceTree = "<group>"; };
		6F35136D2845B2D700018A57 /* SearchTableFooterView.swift */ = {isa = PBXFileReference; lastKnownFileType = sourcecode.swift; path = SearchTableFooterView.swift; sourceTree = "<group>"; };
		6FD6D9F82846DDE0004A5D94 /* NetworkResult.swift */ = {isa = PBXFileReference; lastKnownFileType = sourcecode.swift; path = NetworkResult.swift; sourceTree = "<group>"; };
		6FD6D9FA2846DEF7004A5D94 /* RemoteRepository.swift */ = {isa = PBXFileReference; lastKnownFileType = sourcecode.swift; path = RemoteRepository.swift; sourceTree = "<group>"; };
/* End PBXFileReference section */

/* Begin PBXFrameworksBuildPhase section */
		00489B5A283CA53F00201F55 /* Frameworks */ = {
			isa = PBXFrameworksBuildPhase;
			buildActionMask = 2147483647;
			files = (
				00489B7B283CA61800201F55 /* Alamofire in Frameworks */,
				00489B78283CA5CC00201F55 /* RxSwift in Frameworks */,
				00489B76283CA5CC00201F55 /* RxCocoa in Frameworks */,
			);
			runOnlyForDeploymentPostprocessing = 0;
		};
/* End PBXFrameworksBuildPhase section */

/* Begin PBXGroup section */
		00409190283F62770055B0D0 /* SearchView */ = {
			isa = PBXGroup;
			children = (
				00489B83283CC26E00201F55 /* SearchViewController.swift */,
				0040918A283F4A000055B0D0 /* LocationSearchViewController.swift */,
				0040918E283F62720055B0D0 /* LocationCalenderViewController.swift */,
				0051599628445FBE00C4C0EC /* CalendarViewController.swift */,
			);
			path = SearchView;
			sourceTree = "<group>";
		};
		00409191283F789E0055B0D0 /* View */ = {
			isa = PBXGroup;
			children = (
				004C483B2847119E002728FF /* SearchView.swift */,
				6F35135D283DF3F800018A57 /* LocationTableViewCell.swift */,
				6F3513672844E60C00018A57 /* PopularLocationView.swift */,
				6F35136B2845AABC00018A57 /* SearchTableViewCell.swift */,
				6F3513692845A94600018A57 /* SearchTableView.swift */,
				6F35136D2845B2D700018A57 /* SearchTableFooterView.swift */,
				00515992284456A200C4C0EC /* CalendarViewCell.swift */,
			);
			path = View;
			sourceTree = "<group>";
		};
		00489B54283CA53F00201F55 = {
			isa = PBXGroup;
			children = (
				00489B5F283CA53F00201F55 /* airbnb */,
				00489B5E283CA53F00201F55 /* Products */,
				6FD6D9F62845DFAE004A5D94 /* Recovered References */,
			);
			sourceTree = "<group>";
		};
		00489B5E283CA53F00201F55 /* Products */ = {
			isa = PBXGroup;
			children = (
				00489B5D283CA53F00201F55 /* airbnb.app */,
			);
			name = Products;
			sourceTree = "<group>";
		};
		00489B5F283CA53F00201F55 /* airbnb */ = {
			isa = PBXGroup;
			children = (
				004DACED2845FE8C00FB1D34 /* Utility */,
				00409191283F789E0055B0D0 /* View */,
				004C483628470C64002728FF /* ViewModel */,
				00489B7E283CC1A800201F55 /* ViewController */,
				00489B7D283CC19F00201F55 /* Model */,
				004DACE92845FE0600FB1D34 /* Repository */,
				004C4829284707C7002728FF /* Network */,
				004DACEA2845FE2500FB1D34 /* Service */,
				00489B60283CA53F00201F55 /* AppDelegate.swift */,
				00489B62283CA53F00201F55 /* SceneDelegate.swift */,
				00489B66283CA53F00201F55 /* Main.storyboard */,
				00489B69283CA54000201F55 /* Assets.xcassets */,
				00489B6B283CA54000201F55 /* LaunchScreen.storyboard */,
				00489B6E283CA54000201F55 /* Info.plist */,
			);
			path = airbnb;
			sourceTree = "<group>";
		};
		00489B7D283CC19F00201F55 /* Model */ = {
			isa = PBXGroup;
			children = (
				004DACEC2845FE6600FB1D34 /* Domain */,
				004DACEB2845FE5100FB1D34 /* Entity */,
			);
			path = Model;
			sourceTree = "<group>";
		};
		00489B7E283CC1A800201F55 /* ViewController */ = {
			isa = PBXGroup;
			children = (
				00489B64283CA53F00201F55 /* MainTabBarController.swift */,
				00409190283F62770055B0D0 /* SearchView */,
				008FD74D283DD94E002441E5 /* WishViewController.swift */,
				008FD74F283DD96F002441E5 /* UserViewController.swift */,
			);
			path = ViewController;
			sourceTree = "<group>";
		};
		004C4829284707C7002728FF /* Network */ = {
			isa = PBXGroup;
			children = (
				004C482A284707EB002728FF /* NetworkManager.swift */,
				004C482E28470861002728FF /* HTTPMethod.swift */,
				004C482C2847084B002728FF /* HTTPManager.swift */,
				004C48302847089C002728FF /* JSONConverter.swift */,
				004C4832284708B5002728FF /* ImageCacheManager.swift */,
				003D6C36285043D3004F80C9 /* ImageDataCacheManager.swift */,
			);
			path = Network;
			sourceTree = "<group>";
		};
		004C483628470C64002728FF /* ViewModel */ = {
			isa = PBXGroup;
			children = (
				00CFA5C6284F2A1300C91C37 /* ViewModelType.swift */,
				004C483928470E6F002728FF /* SearchViewModel.swift */,
				00CFA5C8284F43CE00C91C37 /* PopularLocationViewModel.swift */,
			);
			path = ViewModel;
			sourceTree = "<group>";
		};
		004DACE92845FE0600FB1D34 /* Repository */ = {
			isa = PBXGroup;
			children = (
				6FD6D9F82846DDE0004A5D94 /* NetworkResult.swift */,
				6FD6D9FA2846DEF7004A5D94 /* RemoteRepository.swift */,
			);
			path = Repository;
			sourceTree = "<group>";
		};
		004DACEA2845FE2500FB1D34 /* Service */ = {
			isa = PBXGroup;
			children = (
			);
			path = Service;
			sourceTree = "<group>";
		};
		004DACEB2845FE5100FB1D34 /* Entity */ = {
			isa = PBXGroup;
			children = (
				004DAD0C2846418600FB1D34 /* Request */,
				004DACF42846331C00FB1D34 /* HeroImage.swift */,
				004DACF62846356B00FB1D34 /* PopularLocation.swift */,
				004DACF82846383300FB1D34 /* SearchRegion.swift */,
				004DACFA2846390000FB1D34 /* AccommodationPrices.swift */,
				004DACFC28463ABB00FB1D34 /* FilteredAccommodationPrices.swift */,
				004DACFE28463B5700FB1D34 /* AccommodationDetail.swift */,
				004DAD0028463C3F00FB1D34 /* AccommodationPriceDetail.swift */,
				004DAD0428463E0B00FB1D34 /* ReservationList.swift */,
				004DAD0628463E9000FB1D34 /* ReservationDetail.swift */,
				004DAD0828463F0B00FB1D34 /* WishList.swift */,
			);
			path = Entity;
			sourceTree = "<group>";
		};
		004DACEC2845FE6600FB1D34 /* Domain */ = {
			isa = PBXGroup;
			children = (
				004C48342847090E002728FF /* ImageItem.swift */,
			);
			path = Domain;
			sourceTree = "<group>";
		};
		004DACED2845FE8C00FB1D34 /* Utility */ = {
			isa = PBXGroup;
			children = (
				0061237D2847446F002E17C7 /* UIImageExtension.swift */,
			);
			path = Utility;
			sourceTree = "<group>";
		};
		004DAD0C2846418600FB1D34 /* Request */ = {
			isa = PBXGroup;
			children = (
				004DAD0228463D9C00FB1D34 /* ReservationRequest.swift */,
				004DAD0A28463FD300FB1D34 /* WishRequest.swift */,
			);
			path = Request;
			sourceTree = "<group>";
		};
		6FD6D9F62845DFAE004A5D94 /* Recovered References */ = {
			isa = PBXGroup;
			children = (
				00515994284456FF00C4C0EC /* SearchTableView.swift */,
			);
			name = "Recovered References";
			sourceTree = "<group>";
		};
/* End PBXGroup section */

/* Begin PBXNativeTarget section */
		00489B5C283CA53F00201F55 /* airbnb */ = {
			isa = PBXNativeTarget;
			buildConfigurationList = 00489B71283CA54000201F55 /* Build configuration list for PBXNativeTarget "airbnb" */;
			buildPhases = (
				00489B59283CA53F00201F55 /* Sources */,
				00489B5A283CA53F00201F55 /* Frameworks */,
				00489B5B283CA53F00201F55 /* Resources */,
			);
			buildRules = (
			);
			dependencies = (
			);
			name = airbnb;
			packageProductDependencies = (
				00489B75283CA5CC00201F55 /* RxCocoa */,
				00489B77283CA5CC00201F55 /* RxSwift */,
				00489B7A283CA61800201F55 /* Alamofire */,
			);
			productName = airbnb;
			productReference = 00489B5D283CA53F00201F55 /* airbnb.app */;
			productType = "com.apple.product-type.application";
		};
/* End PBXNativeTarget section */

/* Begin PBXProject section */
		00489B55283CA53F00201F55 /* Project object */ = {
			isa = PBXProject;
			attributes = {
				BuildIndependentTargetsInParallel = 1;
				LastSwiftUpdateCheck = 1340;
				LastUpgradeCheck = 1340;
				TargetAttributes = {
					00489B5C283CA53F00201F55 = {
						CreatedOnToolsVersion = 13.4;
					};
				};
			};
			buildConfigurationList = 00489B58283CA53F00201F55 /* Build configuration list for PBXProject "airbnb" */;
			compatibilityVersion = "Xcode 13.0";
			developmentRegion = en;
			hasScannedForEncodings = 0;
			knownRegions = (
				en,
				Base,
			);
			mainGroup = 00489B54283CA53F00201F55;
			packageReferences = (
				00489B74283CA5CC00201F55 /* XCRemoteSwiftPackageReference "RxSwift" */,
				00489B79283CA61800201F55 /* XCRemoteSwiftPackageReference "Alamofire" */,
			);
			productRefGroup = 00489B5E283CA53F00201F55 /* Products */;
			projectDirPath = "";
			projectRoot = "";
			targets = (
				00489B5C283CA53F00201F55 /* airbnb */,
			);
		};
/* End PBXProject section */

/* Begin PBXResourcesBuildPhase section */
		00489B5B283CA53F00201F55 /* Resources */ = {
			isa = PBXResourcesBuildPhase;
			buildActionMask = 2147483647;
			files = (
				00489B6D283CA54000201F55 /* LaunchScreen.storyboard in Resources */,
				00489B6A283CA54000201F55 /* Assets.xcassets in Resources */,
				00489B68283CA53F00201F55 /* Main.storyboard in Resources */,
			);
			runOnlyForDeploymentPostprocessing = 0;
		};
/* End PBXResourcesBuildPhase section */

/* Begin PBXSourcesBuildPhase section */
		00489B59283CA53F00201F55 /* Sources */ = {
			isa = PBXSourcesBuildPhase;
			buildActionMask = 2147483647;
			files = (
				004C48352847090E002728FF /* ImageItem.swift in Sources */,
				00489B65283CA53F00201F55 /* MainTabBarController.swift in Sources */,
				004DACF92846383300FB1D34 /* SearchRegion.swift in Sources */,
				6F35135E283DF3F800018A57 /* LocationTableViewCell.swift in Sources */,
				004C483A28470E6F002728FF /* SearchViewModel.swift in Sources */,
				004DAD0728463E9000FB1D34 /* ReservationDetail.swift in Sources */,
				004DACF52846331C00FB1D34 /* HeroImage.swift in Sources */,
				004DACFB2846390000FB1D34 /* AccommodationPrices.swift in Sources */,
				0051599728445FBE00C4C0EC /* CalendarViewController.swift in Sources */,
				004C482D2847084B002728FF /* HTTPManager.swift in Sources */,
				6FD6D9FB2846DEF7004A5D94 /* RemoteRepository.swift in Sources */,
				004DACF72846356B00FB1D34 /* PopularLocation.swift in Sources */,
				004DAD0128463C4000FB1D34 /* AccommodationPriceDetail.swift in Sources */,
				0061237E2847446F002E17C7 /* UIImageExtension.swift in Sources */,
				003D6C37285043D3004F80C9 /* ImageDataCacheManager.swift in Sources */,
				0040918B283F4A000055B0D0 /* LocationSearchViewController.swift in Sources */,
				008FD750283DD96F002441E5 /* UserViewController.swift in Sources */,
				004C482F28470861002728FF /* HTTPMethod.swift in Sources */,
				00CFA5C9284F43CE00C91C37 /* PopularLocationViewModel.swift in Sources */,
				6F35136E2845B2D700018A57 /* SearchTableFooterView.swift in Sources */,
				004DACFF28463B5700FB1D34 /* AccommodationDetail.swift in Sources */,
				00489B61283CA53F00201F55 /* AppDelegate.swift in Sources */,
				004C483C2847119E002728FF /* SearchView.swift in Sources */,
				00515993284456A200C4C0EC /* CalendarViewCell.swift in Sources */,
				004DAD0928463F0B00FB1D34 /* WishList.swift in Sources */,
				004C482B284707EB002728FF /* NetworkManager.swift in Sources */,
				0040918F283F62720055B0D0 /* LocationCalenderViewController.swift in Sources */,
				004C4833284708B5002728FF /* ImageCacheManager.swift in Sources */,
				6F3513682844E60C00018A57 /* PopularLocationView.swift in Sources */,
				004DAD0328463D9C00FB1D34 /* ReservationRequest.swift in Sources */,
				004DAD0B28463FD300FB1D34 /* WishRequest.swift in Sources */,
				6FD6D9F92846DDE0004A5D94 /* NetworkResult.swift in Sources */,
				004C48312847089C002728FF /* JSONConverter.swift in Sources */,
				00489B84283CC26E00201F55 /* SearchViewController.swift in Sources */,
				6F35136A2845A94600018A57 /* SearchTableView.swift in Sources */,
				004DACFD28463ABB00FB1D34 /* FilteredAccommodationPrices.swift in Sources */,
				004DAD0528463E0B00FB1D34 /* ReservationList.swift in Sources */,
				6F35136C2845AABC00018A57 /* SearchTableViewCell.swift in Sources */,
				008FD74E283DD94E002441E5 /* WishViewController.swift in Sources */,
				00489B63283CA53F00201F55 /* SceneDelegate.swift in Sources */,
				00CFA5C7284F2A1300C91C37 /* ViewModelType.swift in Sources */,
			);
			runOnlyForDeploymentPostprocessing = 0;
		};
/* End PBXSourcesBuildPhase section */

/* Begin PBXVariantGroup section */
		00489B66283CA53F00201F55 /* Main.storyboard */ = {
			isa = PBXVariantGroup;
			children = (
				00489B67283CA53F00201F55 /* Base */,
			);
			name = Main.storyboard;
			sourceTree = "<group>";
		};
		00489B6B283CA54000201F55 /* LaunchScreen.storyboard */ = {
			isa = PBXVariantGroup;
			children = (
				00489B6C283CA54000201F55 /* Base */,
			);
			name = LaunchScreen.storyboard;
			sourceTree = "<group>";
		};
/* End PBXVariantGroup section */

/* Begin XCBuildConfiguration section */
		00489B6F283CA54000201F55 /* Debug */ = {
			isa = XCBuildConfiguration;
			buildSettings = {
				ALWAYS_SEARCH_USER_PATHS = NO;
				CLANG_ANALYZER_NONNULL = YES;
				CLANG_ANALYZER_NUMBER_OBJECT_CONVERSION = YES_AGGRESSIVE;
				CLANG_CXX_LANGUAGE_STANDARD = "gnu++17";
				CLANG_ENABLE_MODULES = YES;
				CLANG_ENABLE_OBJC_ARC = YES;
				CLANG_ENABLE_OBJC_WEAK = YES;
				CLANG_WARN_BLOCK_CAPTURE_AUTORELEASING = YES;
				CLANG_WARN_BOOL_CONVERSION = YES;
				CLANG_WARN_COMMA = YES;
				CLANG_WARN_CONSTANT_CONVERSION = YES;
				CLANG_WARN_DEPRECATED_OBJC_IMPLEMENTATIONS = YES;
				CLANG_WARN_DIRECT_OBJC_ISA_USAGE = YES_ERROR;
				CLANG_WARN_DOCUMENTATION_COMMENTS = YES;
				CLANG_WARN_EMPTY_BODY = YES;
				CLANG_WARN_ENUM_CONVERSION = YES;
				CLANG_WARN_INFINITE_RECURSION = YES;
				CLANG_WARN_INT_CONVERSION = YES;
				CLANG_WARN_NON_LITERAL_NULL_CONVERSION = YES;
				CLANG_WARN_OBJC_IMPLICIT_RETAIN_SELF = YES;
				CLANG_WARN_OBJC_LITERAL_CONVERSION = YES;
				CLANG_WARN_OBJC_ROOT_CLASS = YES_ERROR;
				CLANG_WARN_QUOTED_INCLUDE_IN_FRAMEWORK_HEADER = YES;
				CLANG_WARN_RANGE_LOOP_ANALYSIS = YES;
				CLANG_WARN_STRICT_PROTOTYPES = YES;
				CLANG_WARN_SUSPICIOUS_MOVE = YES;
				CLANG_WARN_UNGUARDED_AVAILABILITY = YES_AGGRESSIVE;
				CLANG_WARN_UNREACHABLE_CODE = YES;
				CLANG_WARN__DUPLICATE_METHOD_MATCH = YES;
				COPY_PHASE_STRIP = NO;
				DEBUG_INFORMATION_FORMAT = dwarf;
				ENABLE_STRICT_OBJC_MSGSEND = YES;
				ENABLE_TESTABILITY = YES;
				GCC_C_LANGUAGE_STANDARD = gnu11;
				GCC_DYNAMIC_NO_PIC = NO;
				GCC_NO_COMMON_BLOCKS = YES;
				GCC_OPTIMIZATION_LEVEL = 0;
				GCC_PREPROCESSOR_DEFINITIONS = (
					"DEBUG=1",
					"$(inherited)",
				);
				GCC_WARN_64_TO_32_BIT_CONVERSION = YES;
				GCC_WARN_ABOUT_RETURN_TYPE = YES_ERROR;
				GCC_WARN_UNDECLARED_SELECTOR = YES;
				GCC_WARN_UNINITIALIZED_AUTOS = YES_AGGRESSIVE;
				GCC_WARN_UNUSED_FUNCTION = YES;
				GCC_WARN_UNUSED_VARIABLE = YES;
				IPHONEOS_DEPLOYMENT_TARGET = 15.4;
				MTL_ENABLE_DEBUG_INFO = INCLUDE_SOURCE;
				MTL_FAST_MATH = YES;
				ONLY_ACTIVE_ARCH = YES;
				SDKROOT = iphoneos;
				SWIFT_ACTIVE_COMPILATION_CONDITIONS = DEBUG;
				SWIFT_OPTIMIZATION_LEVEL = "-Onone";
			};
			name = Debug;
		};
		00489B70283CA54000201F55 /* Release */ = {
			isa = XCBuildConfiguration;
			buildSettings = {
				ALWAYS_SEARCH_USER_PATHS = NO;
				CLANG_ANALYZER_NONNULL = YES;
				CLANG_ANALYZER_NUMBER_OBJECT_CONVERSION = YES_AGGRESSIVE;
				CLANG_CXX_LANGUAGE_STANDARD = "gnu++17";
				CLANG_ENABLE_MODULES = YES;
				CLANG_ENABLE_OBJC_ARC = YES;
				CLANG_ENABLE_OBJC_WEAK = YES;
				CLANG_WARN_BLOCK_CAPTURE_AUTORELEASING = YES;
				CLANG_WARN_BOOL_CONVERSION = YES;
				CLANG_WARN_COMMA = YES;
				CLANG_WARN_CONSTANT_CONVERSION = YES;
				CLANG_WARN_DEPRECATED_OBJC_IMPLEMENTATIONS = YES;
				CLANG_WARN_DIRECT_OBJC_ISA_USAGE = YES_ERROR;
				CLANG_WARN_DOCUMENTATION_COMMENTS = YES;
				CLANG_WARN_EMPTY_BODY = YES;
				CLANG_WARN_ENUM_CONVERSION = YES;
				CLANG_WARN_INFINITE_RECURSION = YES;
				CLANG_WARN_INT_CONVERSION = YES;
				CLANG_WARN_NON_LITERAL_NULL_CONVERSION = YES;
				CLANG_WARN_OBJC_IMPLICIT_RETAIN_SELF = YES;
				CLANG_WARN_OBJC_LITERAL_CONVERSION = YES;
				CLANG_WARN_OBJC_ROOT_CLASS = YES_ERROR;
				CLANG_WARN_QUOTED_INCLUDE_IN_FRAMEWORK_HEADER = YES;
				CLANG_WARN_RANGE_LOOP_ANALYSIS = YES;
				CLANG_WARN_STRICT_PROTOTYPES = YES;
				CLANG_WARN_SUSPICIOUS_MOVE = YES;
				CLANG_WARN_UNGUARDED_AVAILABILITY = YES_AGGRESSIVE;
				CLANG_WARN_UNREACHABLE_CODE = YES;
				CLANG_WARN__DUPLICATE_METHOD_MATCH = YES;
				COPY_PHASE_STRIP = NO;
				DEBUG_INFORMATION_FORMAT = "dwarf-with-dsym";
				ENABLE_NS_ASSERTIONS = NO;
				ENABLE_STRICT_OBJC_MSGSEND = YES;
				GCC_C_LANGUAGE_STANDARD = gnu11;
				GCC_NO_COMMON_BLOCKS = YES;
				GCC_WARN_64_TO_32_BIT_CONVERSION = YES;
				GCC_WARN_ABOUT_RETURN_TYPE = YES_ERROR;
				GCC_WARN_UNDECLARED_SELECTOR = YES;
				GCC_WARN_UNINITIALIZED_AUTOS = YES_AGGRESSIVE;
				GCC_WARN_UNUSED_FUNCTION = YES;
				GCC_WARN_UNUSED_VARIABLE = YES;
				IPHONEOS_DEPLOYMENT_TARGET = 15.4;
				MTL_ENABLE_DEBUG_INFO = NO;
				MTL_FAST_MATH = YES;
				SDKROOT = iphoneos;
				SWIFT_COMPILATION_MODE = wholemodule;
				SWIFT_OPTIMIZATION_LEVEL = "-O";
				VALIDATE_PRODUCT = YES;
			};
			name = Release;
		};
		00489B72283CA54000201F55 /* Debug */ = {
			isa = XCBuildConfiguration;
			buildSettings = {
				ASSETCATALOG_COMPILER_APPICON_NAME = AppIcon;
				ASSETCATALOG_COMPILER_GLOBAL_ACCENT_COLOR_NAME = AccentColor;
				CODE_SIGN_STYLE = Automatic;
				CURRENT_PROJECT_VERSION = 1;
				DEVELOPMENT_TEAM = B3PWYBKFUK;
				GENERATE_INFOPLIST_FILE = YES;
				INFOPLIST_FILE = airbnb/Info.plist;
				INFOPLIST_KEY_UIApplicationSupportsIndirectInputEvents = YES;
				INFOPLIST_KEY_UILaunchStoryboardName = LaunchScreen;
				INFOPLIST_KEY_UIMainStoryboardFile = Main;
				INFOPLIST_KEY_UISupportedInterfaceOrientations_iPad = "UIInterfaceOrientationPortrait UIInterfaceOrientationPortraitUpsideDown UIInterfaceOrientationLandscapeLeft UIInterfaceOrientationLandscapeRight";
				INFOPLIST_KEY_UISupportedInterfaceOrientations_iPhone = "UIInterfaceOrientationPortrait UIInterfaceOrientationLandscapeLeft UIInterfaceOrientationLandscapeRight";
				LD_RUNPATH_SEARCH_PATHS = (
					"$(inherited)",
					"@executable_path/Frameworks",
				);
				MARKETING_VERSION = 1.0;
				PRODUCT_BUNDLE_IDENTIFIER = com.team12.airbnb;
				PRODUCT_NAME = "$(TARGET_NAME)";
				SWIFT_EMIT_LOC_STRINGS = YES;
				SWIFT_VERSION = 5.0;
				TARGETED_DEVICE_FAMILY = "1,2";
			};
			name = Debug;
		};
		00489B73283CA54000201F55 /* Release */ = {
			isa = XCBuildConfiguration;
			buildSettings = {
				ASSETCATALOG_COMPILER_APPICON_NAME = AppIcon;
				ASSETCATALOG_COMPILER_GLOBAL_ACCENT_COLOR_NAME = AccentColor;
				CODE_SIGN_STYLE = Automatic;
				CURRENT_PROJECT_VERSION = 1;
				DEVELOPMENT_TEAM = B3PWYBKFUK;
				GENERATE_INFOPLIST_FILE = YES;
				INFOPLIST_FILE = airbnb/Info.plist;
				INFOPLIST_KEY_UIApplicationSupportsIndirectInputEvents = YES;
				INFOPLIST_KEY_UILaunchStoryboardName = LaunchScreen;
				INFOPLIST_KEY_UIMainStoryboardFile = Main;
				INFOPLIST_KEY_UISupportedInterfaceOrientations_iPad = "UIInterfaceOrientationPortrait UIInterfaceOrientationPortraitUpsideDown UIInterfaceOrientationLandscapeLeft UIInterfaceOrientationLandscapeRight";
				INFOPLIST_KEY_UISupportedInterfaceOrientations_iPhone = "UIInterfaceOrientationPortrait UIInterfaceOrientationLandscapeLeft UIInterfaceOrientationLandscapeRight";
				LD_RUNPATH_SEARCH_PATHS = (
					"$(inherited)",
					"@executable_path/Frameworks",
				);
				MARKETING_VERSION = 1.0;
				PRODUCT_BUNDLE_IDENTIFIER = com.team12.airbnb;
				PRODUCT_NAME = "$(TARGET_NAME)";
				SWIFT_EMIT_LOC_STRINGS = YES;
				SWIFT_VERSION = 5.0;
				TARGETED_DEVICE_FAMILY = "1,2";
			};
			name = Release;
		};
/* End XCBuildConfiguration section */

/* Begin XCConfigurationList section */
		00489B58283CA53F00201F55 /* Build configuration list for PBXProject "airbnb" */ = {
			isa = XCConfigurationList;
			buildConfigurations = (
				00489B6F283CA54000201F55 /* Debug */,
				00489B70283CA54000201F55 /* Release */,
			);
			defaultConfigurationIsVisible = 0;
			defaultConfigurationName = Release;
		};
		00489B71283CA54000201F55 /* Build configuration list for PBXNativeTarget "airbnb" */ = {
			isa = XCConfigurationList;
			buildConfigurations = (
				00489B72283CA54000201F55 /* Debug */,
				00489B73283CA54000201F55 /* Release */,
			);
			defaultConfigurationIsVisible = 0;
			defaultConfigurationName = Release;
		};
/* End XCConfigurationList section */

/* Begin XCRemoteSwiftPackageReference section */
		00489B74283CA5CC00201F55 /* XCRemoteSwiftPackageReference "RxSwift" */ = {
			isa = XCRemoteSwiftPackageReference;
			repositoryURL = "https://github.com/ReactiveX/RxSwift";
			requirement = {
				kind = upToNextMajorVersion;
				minimumVersion = 6.0.0;
			};
		};
		00489B79283CA61800201F55 /* XCRemoteSwiftPackageReference "Alamofire" */ = {
			isa = XCRemoteSwiftPackageReference;
			repositoryURL = "https://github.com/Alamofire/Alamofire";
			requirement = {
				kind = upToNextMajorVersion;
				minimumVersion = 5.0.0;
			};
		};
/* End XCRemoteSwiftPackageReference section */

/* Begin XCSwiftPackageProductDependency section */
		00489B75283CA5CC00201F55 /* RxCocoa */ = {
			isa = XCSwiftPackageProductDependency;
			package = 00489B74283CA5CC00201F55 /* XCRemoteSwiftPackageReference "RxSwift" */;
			productName = RxCocoa;
		};
		00489B77283CA5CC00201F55 /* RxSwift */ = {
			isa = XCSwiftPackageProductDependency;
			package = 00489B74283CA5CC00201F55 /* XCRemoteSwiftPackageReference "RxSwift" */;
			productName = RxSwift;
		};
		00489B7A283CA61800201F55 /* Alamofire */ = {
			isa = XCSwiftPackageProductDependency;
			package = 00489B79283CA61800201F55 /* XCRemoteSwiftPackageReference "Alamofire" */;
			productName = Alamofire;
		};
/* End XCSwiftPackageProductDependency section */
	};
	rootObject = 00489B55283CA53F00201F55 /* Project object */;
}
